
Microsoft Visual Studio Solution File, Format Version 12.00
# Visual Studio 15
VisualStudioVersion = 15.0.27130.2020
MinimumVisualStudioVersion = 10.0.40219.1
Project("{FAE04EC0-301F-11D3-BF4B-00C04F79EFBC}") = "EConsult_T.ConsoleClient", "EConsult_T.ConsoleClient\EConsult_T.ConsoleClient.csproj", "{6E8C90C4-26D3-4862-B98A-1F58A6CE9685}"
EndProject
Global
	GlobalSection(SolutionConfigurationPlatforms) = preSolution
		Debug|Any CPU = Debug|Any CPU
		Release|Any CPU = Release|Any CPU
	EndGlobalSection
	GlobalSection(ProjectConfigurationPlatforms) = postSolution
		{6E8C90C4-26D3-4862-B98A-1F58A6CE9685}.Debug|Any CPU.ActiveCfg = Debug|Any CPU
		{6E8C90C4-26D3-4862-B98A-1F58A6CE9685}.Debug|Any CPU.Build.0 = Debug|Any CPU
		{6E8C90C4-26D3-4862-B98A-1F58A6CE9685}.Release|Any CPU.ActiveCfg = Release|Any CPU
		{6E8C90C4-26D3-4862-B98A-1F58A6CE9685}.Release|Any CPU.Build.0 = Release|Any CPU
	EndGlobalSection
	GlobalSection(SolutionProperties) = preSolution
		HideSolutionNode = FALSE
	EndGlobalSection
	GlobalSection(ExtensibilityGlobals) = postSolution
		SolutionGuid = {1D4834EF-46F3-4A15-BA5D-F76273DDA28F}
	EndGlobalSection
EndGlobal
